PODS:
  - App (1.0.0):
    - CitySearchUserStory
    - Core
    - DIGreatness
    - MainScreen
    - Utils
    - WeatherUserStory
  - App/Tests (1.0.0):
    - CitySearchUserStory
    - Core
    - DIGreatness
    - MainScreen
    - Utils
    - WeatherUserStory
  - CitySearchUserStory (1.0.0):
    - Core
    - Design
    - DIGreatness
    - Utils
  - CitySearchUserStory/Tests (1.0.0):
    - Core
    - Design
    - DIGreatness
    - Utils
  - Core (1.0.0):
    - Utils
  - Core/Tests (1.0.0):
    - Utils
  - Design (1.0.0):
    - Utils
  - Design/Tests (1.0.0):
    - Utils
  - DIGreatness (0.0.1)
  - MainScreen (1.0.0):
    - Core
    - Design
    - DIGreatness
    - Utils
  - MainScreen/Tests (1.0.0):
    - Core
    - Design
    - DIGreatness
    - Utils
  - Utils (1.0.0)
  - Utils/Tests (1.0.0)
  - WeatherUserStory (1.0.0):
    - Core
    - Design
    - DIGreatness
    - Utils
  - WeatherUserStory/Tests (1.0.0):
    - Core
    - Design
    - DIGreatness
    - Utils

DEPENDENCIES:
  - App (from `DeveloperPods/App/`)
  - App/Tests (from `DeveloperPods/App/`)
  - CitySearchUserStory (from `DeveloperPods/CitySearchUserStory/`)
  - CitySearchUserStory/Tests (from `DeveloperPods/CitySearchUserStory/`)
  - Core (from `DeveloperPods/Core/`)
  - Core/Tests (from `DeveloperPods/Core/`)
  - Design (from `DeveloperPods/Design/`)
  - Design/Tests (from `DeveloperPods/Design/`)
  - DIGreatness (from `https://github.com/shsanek/DIGreatness`)
  - MainScreen (from `DeveloperPods/MainScreen/`)
  - MainScreen/Tests (from `DeveloperPods/MainScreen/`)
  - Utils (from `DeveloperPods/Utils/`)
  - Utils/Tests (from `DeveloperPods/Utils/`)
  - WeatherUserStory (from `DeveloperPods/WeatherUserStory/`)
  - WeatherUserStory/Tests (from `DeveloperPods/WeatherUserStory/`)

EXTERNAL SOURCES:
  App:
    :path: DeveloperPods/App/
  CitySearchUserStory:
    :path: DeveloperPods/CitySearchUserStory/
  Core:
    :path: DeveloperPods/Core/
  Design:
    :path: DeveloperPods/Design/
  DIGreatness:
    :git: https://github.com/shsanek/DIGreatness
  MainScreen:
    :path: DeveloperPods/MainScreen/
  Utils:
    :path: DeveloperPods/Utils/
  WeatherUserStory:
    :path: DeveloperPods/WeatherUserStory/

CHECKOUT OPTIONS:
  DIGreatness:
    :commit: 80848c0f9e619d6a22ba595972f5139405f5ebdc
    :git: https://github.com/shsanek/DIGreatness

SPEC CHECKSUMS:
  App: 18c736c0a7bef7a550e67350e9f8b2ea6023376b
  CitySearchUserStory: cac05018c6e896358a147d71ca490d1782562ec2
  Core: eed6c58485750a0792b7cf580382055c92d83787
  Design: 45e8a922933112d91cc39785368c4f25d8dff6d2
  DIGreatness: 44e24253dbf4dc56315748565708cf3c81ae1f1f
  MainScreen: 86b200eb8eb59e9c0f90238fabd357a31814665c
  Utils: b1b9d733a4ee8e6462a86104ecc86cbfde98160b
  WeatherUserStory: 49114519cc1b7f869a253a1cf419e3f48edd1255

PODFILE CHECKSUM: 1545cb7a7988e0542f416f5b5c28a395050d5ea8

COCOAPODS: 1.10.1
